[[package]]
name = "awscli"
version = "1.27.1"
description = "Universal Command Line Environment for AWS."
category = "main"
optional = false
python-versions = ">= 3.7"

[package.dependencies]
botocore = "1.29.1"
colorama = ">=0.2.5,<0.4.5"
docutils = ">=0.10,<0.17"
PyYAML = ">=3.10,<5.5"
rsa = ">=3.1.2,<4.8"
s3transfer = ">=0.6.0,<0.7.0"

[[package]]
name = "botocore"
version = "1.29.1"
description = "Low-level, data-driven core of boto 3."
category = "main"
optional = false
python-versions = ">= 3.7"

[package.dependencies]
jmespath = ">=0.7.1,<2.0.0"
python-dateutil = ">=2.1,<3.0.0"
urllib3 = ">=1.25.4,<1.27"

[package.extras]
crt = ["awscrt (==0.14.0)"]

[[package]]
name = "certifi"
version = "2022.12.7"
description = "Python package for providing Mozilla's CA Bundle."
category = "main"
optional = false
python-versions = ">=3.6"

[[package]]
name = "charset-normalizer"
version = "2.1.1"
description = "The Real First Universal Charset Detector. Open, modern and actively maintained alternative to Chardet."
category = "main"
optional = false
python-versions = ">=3.6.0"

[package.extras]
unicode-backport = ["unicodedata2"]

[[package]]
name = "click"
version = "8.1.3"
description = "Composable command line interface toolkit"
category = "main"
optional = false
python-versions = ">=3.7"

[package.dependencies]
colorama = {version = "*", markers = "platform_system == \"Windows\""}

[[package]]
name = "colorama"
version = "0.4.4"
description = "Cross-platform colored terminal text."
category = "main"
optional = false
python-versions = ">=2.7, !=3.0.*, !=3.1.*, !=3.2.*, !=3.3.*, !=3.4.*"

[[package]]
name = "docopt"
version = "0.6.2"
description = "Pythonic argument parser, that will make you smile"
category = "main"
optional = false
python-versions = "*"

[[package]]
name = "docutils"
version = "0.16"
description = "Docutils -- Python Documentation Utilities"
category = "main"
optional = false
python-versions = ">=2.7, !=3.0.*, !=3.1.*, !=3.2.*, !=3.3.*, !=3.4.*"

[[package]]
name = "Flask"
version = "2.2.2"
description = "A simple framework for building complex web applications."
category = "main"
optional = false
python-versions = ">=3.7"

[package.dependencies]
click = ">=8.0"
itsdangerous = ">=2.0"
Jinja2 = ">=3.0"
Werkzeug = ">=2.2.2"

[package.extras]
async = ["asgiref (>=3.2)"]
dotenv = ["python-dotenv"]

[[package]]
name = "greenlet"
version = "2.0.0"
description = "Lightweight in-process concurrent programming"
category = "main"
optional = false
python-versions = ">=2.7,!=3.0.*,!=3.1.*,!=3.2.*,!=3.3.*,!=3.4.*"

[package.extras]
docs = ["Sphinx", "docutils (<0.18)"]
test = ["faulthandler", "objgraph"]

[[package]]
name = "grip"
version = "4.6.1"
description = "Render local readme files before sending off to GitHub."
category = "main"
optional = false
python-versions = "*"

[package.dependencies]
docopt = ">=0.4.0"
Flask = ">=0.10.1"
Markdown = ">=2.5.1"
path-and-address = ">=2.0.1"
Pygments = ">=1.6"
requests = ">=2.4.1"
Werkzeug = ">=0.7"

[package.extras]
tests = ["flake8 (>=3.0.0)", "pytest (>=4.4.1)", "responses (>=0.5.0)"]

[[package]]
name = "idna"
version = "3.4"
description = "Internationalized Domain Names in Applications (IDNA)"
category = "main"
optional = false
python-versions = ">=3.5"

[[package]]
name = "invoke"
version = "1.7.3"
description = "Pythonic task execution"
category = "main"
optional = false
python-versions = "*"

[[package]]
name = "itsdangerous"
version = "2.1.2"
description = "Safely pass data to untrusted environments and back."
category = "main"
optional = false
python-versions = ">=3.7"

[[package]]
name = "Jinja2"
version = "3.1.2"
description = "A very fast and expressive template engine."
category = "main"
optional = false
python-versions = ">=3.7"

[package.dependencies]
MarkupSafe = ">=2.0"

[package.extras]
i18n = ["Babel (>=2.7)"]

[[package]]
name = "jmespath"
version = "1.0.1"
description = "JSON Matching Expressions"
category = "main"
optional = false
python-versions = ">=3.7"

[[package]]
name = "Markdown"
version = "3.4.1"
description = "Python implementation of Markdown."
category = "main"
optional = false
python-versions = ">=3.7"

[package.extras]
testing = ["coverage", "pyyaml"]

[[package]]
name = "MarkupSafe"
version = "2.1.1"
description = "Safely add untrusted strings to HTML/XML markup."
category = "main"
optional = false
python-versions = ">=3.7"

[[package]]
name = "msgpack"
version = "1.0.4"
description = "MessagePack serializer"
category = "main"
optional = false
python-versions = "*"

[[package]]
name = "path-and-address"
version = "2.0.1"
description = "Functions for server command-line arguments used by humans."
category = "main"
optional = false
python-versions = "*"

[[package]]
name = "pyasn1"
version = "0.4.8"
description = "ASN.1 types and codecs"
category = "main"
optional = false
python-versions = "*"

[[package]]
name = "Pygments"
version = "2.13.0"
description = "Pygments is a syntax highlighting package written in Python."
category = "main"
optional = false
python-versions = ">=3.6"

[package.extras]
plugins = ["importlib-metadata"]

[[package]]
name = "pynvim"
version = "0.4.3"
description = "Python client to neovim"
category = "main"
optional = false
python-versions = "*"

[package.dependencies]
greenlet = "*"
msgpack = ">=0.5.0"

[package.extras]
pyuv = ["pyuv (>=1.0.0)"]
test = ["pytest (>=3.4.0)"]

[[package]]
name = "python-dateutil"
version = "2.8.2"
description = "Extensions to the standard Python datetime module"
category = "main"
optional = false
python-versions = "!=3.0.*,!=3.1.*,!=3.2.*,>=2.7"

[package.dependencies]
six = ">=1.5"

[[package]]
name = "PyYAML"
version = "5.4.1"
description = "YAML parser and emitter for Python"
category = "main"
optional = false
python-versions = ">=2.7, !=3.0.*, !=3.1.*, !=3.2.*, !=3.3.*, !=3.4.*, !=3.5.*"

[[package]]
name = "requests"
version = "2.28.1"
description = "Python HTTP for Humans."
category = "main"
optional = false
python-versions = ">=3.7, <4"

[package.dependencies]
certifi = ">=2017.4.17"
charset-normalizer = ">=2,<3"
idna = ">=2.5,<4"
urllib3 = ">=1.21.1,<1.27"

[package.extras]
socks = ["PySocks (>=1.5.6,!=1.5.7)"]
use-chardet-on-py3 = ["chardet (>=3.0.2,<6)"]

[[package]]
name = "rsa"
version = "4.7.2"
description = "Pure-Python RSA implementation"
category = "main"
optional = false
python-versions = ">=3.5, <4"

[package.dependencies]
pyasn1 = ">=0.1.3"

[[package]]
name = "s3transfer"
version = "0.6.0"
description = "An Amazon S3 Transfer Manager"
category = "main"
optional = false
python-versions = ">= 3.7"

[package.dependencies]
botocore = ">=1.12.36,<2.0a.0"

[package.extras]
crt = ["botocore[crt] (>=1.20.29,<2.0a.0)"]

[[package]]
name = "six"
version = "1.16.0"
description = "Python 2 and 3 compatibility utilities"
category = "main"
optional = false
python-versions = ">=2.7, !=3.0.*, !=3.1.*, !=3.2.*"

[[package]]
name = "urllib3"
version = "1.26.12"
description = "HTTP library with thread-safe connection pooling, file post, and more."
category = "main"
optional = false
python-versions = ">=2.7, !=3.0.*, !=3.1.*, !=3.2.*, !=3.3.*, !=3.4.*, !=3.5.*, <4"

[package.extras]
brotli = ["brotli (>=1.0.9)", "brotlicffi (>=0.8.0)", "brotlipy (>=0.6.0)"]
secure = ["certifi", "cryptography (>=1.3.4)", "idna (>=2.0.0)", "ipaddress", "pyOpenSSL (>=0.14)", "urllib3-secure-extra"]
socks = ["PySocks (>=1.5.6,!=1.5.7,<2.0)"]

[[package]]
name = "Werkzeug"
version = "2.2.2"
description = "The comprehensive WSGI web application library."
category = "main"
optional = false
python-versions = ">=3.7"

[package.dependencies]
MarkupSafe = ">=2.1.1"

[package.extras]
watchdog = ["watchdog"]

[metadata]
lock-version = "1.1"
python-versions = "^3.10"
content-hash = "b1cc5fd9bae33a86ef38038f551a1b70c38ec2b6edf6faca95fa31c8bccaba13"

[metadata.files]
awscli = [
    {file = "awscli-1.27.1-py3-none-any.whl", hash = "sha256:8f562da4b9dccd7fbfe0325635619f9d9f55ed0c07aa0b537d62d020b9b7726b"},
    {file = "awscli-1.27.1.tar.gz", hash = "sha256:f6f02bf549d14378095ae20c44e42047d7e9db2c9f88a1e623ad15cb7f2ac4a6"},
]
botocore = [
    {file = "botocore-1.29.1-py3-none-any.whl", hash = "sha256:75c65130ffab527d0a3d948c6d87eb8eac210e079e1ff2768c66484be57bb77c"},
    {file = "botocore-1.29.1.tar.gz", hash = "sha256:e38b7cdce927cefabe45608dde61660b76458fba6624240dcdb6c4b8453d17f7"},
]
certifi = [
    {file = "certifi-2022.12.7-py3-none-any.whl", hash = "sha256:4ad3232f5e926d6718ec31cfc1fcadfde020920e278684144551c91769c7bc18"},
    {file = "certifi-2022.12.7.tar.gz", hash = "sha256:35824b4c3a97115964b408844d64aa14db1cc518f6562e8d7261699d1350a9e3"},
]
charset-normalizer = [
    {file = "charset-normalizer-2.1.1.tar.gz", hash = "sha256:5a3d016c7c547f69d6f81fb0db9449ce888b418b5b9952cc5e6e66843e9dd845"},
    {file = "charset_normalizer-2.1.1-py3-none-any.whl", hash = "sha256:83e9a75d1911279afd89352c68b45348559d1fc0506b054b346651b5e7fee29f"},
]
click = [
    {file = "click-8.1.3-py3-none-any.whl", hash = "sha256:bb4d8133cb15a609f44e8213d9b391b0809795062913b383c62be0ee95b1db48"},
    {file = "click-8.1.3.tar.gz", hash = "sha256:7682dc8afb30297001674575ea00d1814d808d6a36af415a82bd481d37ba7b8e"},
]
colorama = [
    {file = "colorama-0.4.4-py2.py3-none-any.whl", hash = "sha256:9f47eda37229f68eee03b24b9748937c7dc3868f906e8ba69fbcbdd3bc5dc3e2"},
    {file = "colorama-0.4.4.tar.gz", hash = "sha256:5941b2b48a20143d2267e95b1c2a7603ce057ee39fd88e7329b0c292aa16869b"},
]
docopt = [
    {file = "docopt-0.6.2.tar.gz", hash = "sha256:49b3a825280bd66b3aa83585ef59c4a8c82f2c8a522dbe754a8bc8d08c85c491"},
]
docutils = [
    {file = "docutils-0.16-py2.py3-none-any.whl", hash = "sha256:0c5b78adfbf7762415433f5515cd5c9e762339e23369dbe8000d84a4bf4ab3af"},
    {file = "docutils-0.16.tar.gz", hash = "sha256:c2de3a60e9e7d07be26b7f2b00ca0309c207e06c100f9cc2a94931fc75a478fc"},
]
Flask = [
    {file = "Flask-2.2.2-py3-none-any.whl", hash = "sha256:b9c46cc36662a7949f34b52d8ec7bb59c0d74ba08ba6cb9ce9adc1d8676d9526"},
    {file = "Flask-2.2.2.tar.gz", hash = "sha256:642c450d19c4ad482f96729bd2a8f6d32554aa1e231f4f6b4e7e5264b16cca2b"},
]
greenlet = [
    {file = "greenlet-2.0.0-cp27-cp27m-macosx_10_14_x86_64.whl", hash = "sha256:4be4dedbd2fa9b7c35627f322d6d3139cb125bc18d5ef2f40237990850ea446f"},
    {file = "greenlet-2.0.0-cp27-cp27m-manylinux2010_x86_64.whl", hash = "sha256:75c022803de010294366f3608d4bba3e346693b1b7427b79d57e3d924ed03838"},
    {file = "greenlet-2.0.0-cp27-cp27m-win32.whl", hash = "sha256:4a1953465b7651073cffde74ed7d121e602ef9a9740d09ee137b01879ac15a2f"},
    {file = "greenlet-2.0.0-cp27-cp27m-win_amd64.whl", hash = "sha256:a65205e6778142528978b4acca76888e7e7f0be261e395664e49a5c21baa2141"},
    {file = "greenlet-2.0.0-cp27-cp27mu-manylinux2010_x86_64.whl", hash = "sha256:d71feebf5c8041c80dfda76427e14e3ca00bca042481bd3e9612a9d57b2cbbf7"},
    {file = "greenlet-2.0.0-cp310-cp310-macosx_10_15_x86_64.whl", hash = "sha256:f7edbd2957f72aea357241fe42ffc712a8e9b8c2c42f24e2ef5d97b255f66172"},
    {file = "greenlet-2.0.0-cp310-cp310-manylinux_2_17_aarch64.manylinux2014_aarch64.whl", hash = "sha256:79687c48e7f564be40c46b3afea6d141b8d66ffc2bc6147e026d491c6827954a"},
    {file = "greenlet-2.0.0-cp310-cp310-manylinux_2_17_ppc64le.manylinux2014_ppc64le.whl", hash = "sha256:a245898ec5e9ca0bc87a63e4e222cc633dc4d1f1a0769c34a625ad67edb9f9de"},
    {file = "greenlet-2.0.0-cp310-cp310-manylinux_2_17_x86_64.manylinux2014_x86_64.whl", hash = "sha256:adcf45221f253b3a681c99da46fa6ac33596fa94c2f30c54368f7ee1c4563a39"},
    {file = "greenlet-2.0.0-cp310-cp310-musllinux_1_1_aarch64.whl", hash = "sha256:3dc294afebf2acfd029373dbf3d01d36fd8d6888a03f5a006e2d690f66b153d9"},
    {file = "greenlet-2.0.0-cp310-cp310-musllinux_1_1_x86_64.whl", hash = "sha256:1cfeae4dda32eb5c64df05d347c4496abfa57ad16a90082798a2bba143c6c854"},
    {file = "greenlet-2.0.0-cp310-cp310-win_amd64.whl", hash = "sha256:d58d4b4dc82e2d21ebb7dd7d3a6d370693b2236a1407fe3988dc1d4ea07575f9"},
    {file = "greenlet-2.0.0-cp311-cp311-macosx_10_9_universal2.whl", hash = "sha256:e0d7efab8418c1fb3ea00c4abb89e7b0179a952d0d53ad5fcff798ca7440f8e8"},
    {file = "greenlet-2.0.0-cp311-cp311-win_amd64.whl", hash = "sha256:f8a10e14238407be3978fa6d190eb3724f9d766655fefc0134fd5482f1fb0108"},
    {file = "greenlet-2.0.0-cp35-cp35m-macosx_10_14_x86_64.whl", hash = "sha256:98b848a0b75e76b446dc71fdbac712d9078d96bb1c1607f049562dde1f8801e1"},
    {file = "greenlet-2.0.0-cp35-cp35m-manylinux2010_x86_64.whl", hash = "sha256:8e8dbad9b4f4c3e37898914cfccb7c4f00dbe3146333cfe52a1a3103cc2ff97c"},
    {file = "greenlet-2.0.0-cp35-cp35m-win32.whl", hash = "sha256:069a8a557541a04518dc3beb9a78637e4e6b286814849a2ecfac529eaa78562b"},
    {file = "greenlet-2.0.0-cp35-cp35m-win_amd64.whl", hash = "sha256:cc211c2ff5d3b2ba8d557a71e3b4f0f0a2020067515143a9516ea43884271192"},
    {file = "greenlet-2.0.0-cp36-cp36m-macosx_10_14_x86_64.whl", hash = "sha256:d4e7642366e638f45d70c5111590a56fbd0ffb7f474af20c6c67c01270bcf5cf"},
    {file = "greenlet-2.0.0-cp36-cp36m-manylinux2010_x86_64.whl", hash = "sha256:e7a0dca752b4e3395890ab4085c3ec3838d73714261914c01b53ed7ea23b5867"},
    {file = "greenlet-2.0.0-cp36-cp36m-manylinux_2_17_aarch64.manylinux2014_aarch64.whl", hash = "sha256:c8c67ecda450ad4eac7837057f5deb96effa836dacaf04747710ccf8eeb73092"},
    {file = "greenlet-2.0.0-cp36-cp36m-manylinux_2_17_ppc64le.manylinux2014_ppc64le.whl", hash = "sha256:3cc1abaf47cfcfdc9ac0bdff173cebab22cd54e9e3490135a4a9302d0ff3b163"},
    {file = "greenlet-2.0.0-cp36-cp36m-manylinux_2_17_x86_64.manylinux2014_x86_64.whl", hash = "sha256:efdbbbf7b6c8d5be52977afa65b9bb7b658bab570543280e76c0fabc647175ed"},
    {file = "greenlet-2.0.0-cp36-cp36m-musllinux_1_1_aarch64.whl", hash = "sha256:7acaa51355d5b9549d474dc71be6846ee9a8f2cb82f4936e5efa7a50bbeb94ad"},
    {file = "greenlet-2.0.0-cp36-cp36m-musllinux_1_1_x86_64.whl", hash = "sha256:2be628bca0395610da08921f9376dd14317f37256d41078f5c618358467681e1"},
    {file = "greenlet-2.0.0-cp36-cp36m-win32.whl", hash = "sha256:eca9c0473de053dcc92156dd62c38c3578628b536c7f0cd66e655e211c14ac32"},
    {file = "greenlet-2.0.0-cp36-cp36m-win_amd64.whl", hash = "sha256:9a4a9fea68fd98814999d91ea585e49ed68d7e199a70bef13a857439f60a4609"},
    {file = "greenlet-2.0.0-cp37-cp37m-macosx_10_15_x86_64.whl", hash = "sha256:6b28420ae290bfbf5d827f976abccc2f74f0a3f5e4fb69b66acf98f1cbe95e7e"},
    {file = "greenlet-2.0.0-cp37-cp37m-manylinux2010_x86_64.whl", hash = "sha256:2b8e1c939b363292ecc93999fb1ad53ffc5d0aac8e933e4362b62365241edda5"},
    {file = "greenlet-2.0.0-cp37-cp37m-manylinux_2_17_aarch64.manylinux2014_aarch64.whl", hash = "sha256:4c5ddadfe40e903c6217ed2b95a79f49e942bb98527547cc339fc7e43a424aad"},
    {file = "greenlet-2.0.0-cp37-cp37m-manylinux_2_17_ppc64le.manylinux2014_ppc64le.whl", hash = "sha256:9e5ead803b11b60b347e08e0f37234d9a595f44a6420026e47bcaf94190c3cd6"},
    {file = "greenlet-2.0.0-cp37-cp37m-manylinux_2_17_x86_64.manylinux2014_x86_64.whl", hash = "sha256:b89b78ffb516c2921aa180c2794082666e26680eef05996b91f46127da24d964"},
    {file = "greenlet-2.0.0-cp37-cp37m-musllinux_1_1_aarch64.whl", hash = "sha256:939963d0137ec92540d95b68b7f795e8dbadce0a1fca53e3e7ef8ddc18ee47cb"},
    {file = "greenlet-2.0.0-cp37-cp37m-musllinux_1_1_x86_64.whl", hash = "sha256:c1e93ef863810fba75faf418f0861dbf59bfe01a7b5d0a91d39603df58d3d3fa"},
    {file = "greenlet-2.0.0-cp37-cp37m-win32.whl", hash = "sha256:6fd342126d825b76bf5b49717a7c682e31ed1114906cdec7f5a0c2ff1bc737a7"},
    {file = "greenlet-2.0.0-cp37-cp37m-win_amd64.whl", hash = "sha256:5392ddb893e7fba237b988f846c4a80576557cc08664d56dc1a69c5c02bdc80c"},
    {file = "greenlet-2.0.0-cp38-cp38-macosx_10_15_x86_64.whl", hash = "sha256:b4fd73b62c1038e7ee938b1de328eaa918f76aa69c812beda3aff8a165494201"},
    {file = "greenlet-2.0.0-cp38-cp38-manylinux2010_x86_64.whl", hash = "sha256:0ba0f2e5c4a8f141952411e356dba05d6fe0c38325ee0e4f2d0c6f4c2c3263d5"},
    {file = "greenlet-2.0.0-cp38-cp38-manylinux_2_17_aarch64.manylinux2014_aarch64.whl", hash = "sha256:d8bacecee0c9348ab7c95df810e12585e9e8c331dfc1e22da4ed0bd635a5f483"},
    {file = "greenlet-2.0.0-cp38-cp38-manylinux_2_17_ppc64le.manylinux2014_ppc64le.whl", hash = "sha256:341053e0a96d512315c27c34fad4672c4573caf9eb98310c39e7747645c88d8b"},
    {file = "greenlet-2.0.0-cp38-cp38-manylinux_2_17_x86_64.manylinux2014_x86_64.whl", hash = "sha256:49fcdd8ae391ffabb3b672397b58a9737aaff6b8cae0836e8db8ff386fcea802"},
    {file = "greenlet-2.0.0-cp38-cp38-musllinux_1_1_aarch64.whl", hash = "sha256:c3aa7d3bc545162a6676445709b24a2a375284dc5e2f2432d58b80827c2bd91c"},
    {file = "greenlet-2.0.0-cp38-cp38-musllinux_1_1_x86_64.whl", hash = "sha256:9d8dca31a39dd9f25641559b8cdf9066168c682dfcfbe0f797f03e4c9718a63a"},
    {file = "greenlet-2.0.0-cp38-cp38-win32.whl", hash = "sha256:aa2b371c3633e694d043d6cec7376cb0031c6f67029f37eef40bda105fd58753"},
    {file = "greenlet-2.0.0-cp38-cp38-win_amd64.whl", hash = "sha256:0fa2a66fdf0d09929e79f786ad61529d4e752f452466f7ddaa5d03caf77a603d"},
    {file = "greenlet-2.0.0-cp39-cp39-macosx_10_15_x86_64.whl", hash = "sha256:e7ec3f2465ba9b7d25895307abe1c1c101a257c54b9ea1522bbcbe8ca8793735"},
    {file = "greenlet-2.0.0-cp39-cp39-manylinux2010_x86_64.whl", hash = "sha256:99e9851e40150504474915605649edcde259a4cd9bce2fcdeb4cf33ad0b5c293"},
    {file = "greenlet-2.0.0-cp39-cp39-manylinux_2_17_aarch64.manylinux2014_aarch64.whl", hash = "sha256:20bf68672ae14ef2e2e6d3ac1f308834db1d0b920b3b0674eef48b2dce0498dd"},
    {file = "greenlet-2.0.0-cp39-cp39-manylinux_2_17_ppc64le.manylinux2014_ppc64le.whl", hash = "sha256:30198bccd774f9b6b1ba7564a0d02a79dd1fe926cfeb4107856fe16c9dfb441c"},
    {file = "greenlet-2.0.0-cp39-cp39-manylinux_2_17_x86_64.manylinux2014_x86_64.whl", hash = "sha256:d65d7d1ff64fb300127d2ffd27db909de4d21712a5dde59a3ad241fb65ee83d7"},
    {file = "greenlet-2.0.0-cp39-cp39-musllinux_1_1_aarch64.whl", hash = "sha256:2f5d396a5457458460b0c28f738fc8ab2738ee61b00c3f845c7047a333acd96c"},
    {file = "greenlet-2.0.0-cp39-cp39-musllinux_1_1_x86_64.whl", hash = "sha256:09f00f9938eb5ae1fe203558b56081feb0ca34a2895f8374cd01129ddf4d111c"},
    {file = "greenlet-2.0.0-cp39-cp39-win32.whl", hash = "sha256:089e123d80dbc6f61fff1ff0eae547b02c343d50968832716a7b0a33bea5f792"},
    {file = "greenlet-2.0.0-cp39-cp39-win_amd64.whl", hash = "sha256:bc283f99a4815ef70cad537110e3e03abcef56ab7d005ba9a8c6ec33054ce9c0"},
    {file = "greenlet-2.0.0.tar.gz", hash = "sha256:6c66f0da8049ee3c126b762768179820d4c0ae0ca46ae489039e4da2fae39a52"},
]
grip = [
    {file = "grip-4.6.1-py3-none-any.whl", hash = "sha256:3feed5c3eff92a02e56bba5f7c6d8b8007752b260b5c9c6946e045c2812d9b69"},
    {file = "grip-4.6.1.tar.gz", hash = "sha256:a5e6ac48cd253892f0fbd0aaef3f74fe8169d8ed3d94a2e9be6bf1540e008e9f"},
]
idna = [
    {file = "idna-3.4-py3-none-any.whl", hash = "sha256:90b77e79eaa3eba6de819a0c442c0b4ceefc341a7a2ab77d7562bf49f425c5c2"},
    {file = "idna-3.4.tar.gz", hash = "sha256:814f528e8dead7d329833b91c5faa87d60bf71824cd12a7530b5526063d02cb4"},
]
invoke = [
    {file = "invoke-1.7.3-py3-none-any.whl", hash = "sha256:d9694a865764dd3fd91f25f7e9a97fb41666e822bbb00e670091e3f43933574d"},
    {file = "invoke-1.7.3.tar.gz", hash = "sha256:41b428342d466a82135d5ab37119685a989713742be46e42a3a399d685579314"},
]
itsdangerous = [
    {file = "itsdangerous-2.1.2-py3-none-any.whl", hash = "sha256:2c2349112351b88699d8d4b6b075022c0808887cb7ad10069318a8b0bc88db44"},
    {file = "itsdangerous-2.1.2.tar.gz", hash = "sha256:5dbbc68b317e5e42f327f9021763545dc3fc3bfe22e6deb96aaf1fc38874156a"},
]
Jinja2 = [
    {file = "Jinja2-3.1.2-py3-none-any.whl", hash = "sha256:6088930bfe239f0e6710546ab9c19c9ef35e29792895fed6e6e31a023a182a61"},
    {file = "Jinja2-3.1.2.tar.gz", hash = "sha256:31351a702a408a9e7595a8fc6150fc3f43bb6bf7e319770cbc0db9df9437e852"},
]
jmespath = [
    {file = "jmespath-1.0.1-py3-none-any.whl", hash = "sha256:02e2e4cc71b5bcab88332eebf907519190dd9e6e82107fa7f83b1003a6252980"},
    {file = "jmespath-1.0.1.tar.gz", hash = "sha256:90261b206d6defd58fdd5e85f478bf633a2901798906be2ad389150c5c60edbe"},
]
Markdown = [
    {file = "Markdown-3.4.1-py3-none-any.whl", hash = "sha256:08fb8465cffd03d10b9dd34a5c3fea908e20391a2a90b88d66362cb05beed186"},
    {file = "Markdown-3.4.1.tar.gz", hash = "sha256:3b809086bb6efad416156e00a0da66fe47618a5d6918dd688f53f40c8e4cfeff"},
]
MarkupSafe = [
    {file = "MarkupSafe-2.1.1-cp310-cp310-macosx_10_9_universal2.whl", hash = "sha256:86b1f75c4e7c2ac2ccdaec2b9022845dbb81880ca318bb7a0a01fbf7813e3812"},
    {file = "MarkupSafe-2.1.1-cp310-cp310-macosx_10_9_x86_64.whl", hash = "sha256:f121a1420d4e173a5d96e47e9a0c0dcff965afdf1626d28de1460815f7c4ee7a"},
    {file = "MarkupSafe-2.1.1-cp310-cp310-manylinux_2_17_aarch64.manylinux2014_aarch64.whl", hash = "sha256:a49907dd8420c5685cfa064a1335b6754b74541bbb3706c259c02ed65b644b3e"},
    {file = "MarkupSafe-2.1.1-cp310-cp310-manylinux_2_17_x86_64.manylinux2014_x86_64.whl", hash = "sha256:10c1bfff05d95783da83491be968e8fe789263689c02724e0c691933c52994f5"},
    {file = "MarkupSafe-2.1.1-cp310-cp310-manylinux_2_5_i686.manylinux1_i686.manylinux_2_17_i686.manylinux2014_i686.whl", hash = "sha256:b7bd98b796e2b6553da7225aeb61f447f80a1ca64f41d83612e6139ca5213aa4"},
    {file = "MarkupSafe-2.1.1-cp310-cp310-musllinux_1_1_aarch64.whl", hash = "sha256:b09bf97215625a311f669476f44b8b318b075847b49316d3e28c08e41a7a573f"},
    {file = "MarkupSafe-2.1.1-cp310-cp310-musllinux_1_1_i686.whl", hash = "sha256:694deca8d702d5db21ec83983ce0bb4b26a578e71fbdbd4fdcd387daa90e4d5e"},
    {file = "MarkupSafe-2.1.1-cp310-cp310-musllinux_1_1_x86_64.whl", hash = "sha256:efc1913fd2ca4f334418481c7e595c00aad186563bbc1ec76067848c7ca0a933"},
    {file = "MarkupSafe-2.1.1-cp310-cp310-win32.whl", hash = "sha256:4a33dea2b688b3190ee12bd7cfa29d39c9ed176bda40bfa11099a3ce5d3a7ac6"},
    {file = "MarkupSafe-2.1.1-cp310-cp310-win_amd64.whl", hash = "sha256:dda30ba7e87fbbb7eab1ec9f58678558fd9a6b8b853530e176eabd064da81417"},
    {file = "MarkupSafe-2.1.1-cp37-cp37m-macosx_10_9_x86_64.whl", hash = "sha256:671cd1187ed5e62818414afe79ed29da836dde67166a9fac6d435873c44fdd02"},
    {file = "MarkupSafe-2.1.1-cp37-cp37m-manylinux_2_17_aarch64.manylinux2014_aarch64.whl", hash = "sha256:3799351e2336dc91ea70b034983ee71cf2f9533cdff7c14c90ea126bfd95d65a"},
    {file = "MarkupSafe-2.1.1-cp37-cp37m-manylinux_2_17_x86_64.manylinux2014_x86_64.whl", hash = "sha256:e72591e9ecd94d7feb70c1cbd7be7b3ebea3f548870aa91e2732960fa4d57a37"},
    {file = "MarkupSafe-2.1.1-cp37-cp37m-manylinux_2_5_i686.manylinux1_i686.manylinux_2_17_i686.manylinux2014_i686.whl", hash = "sha256:6fbf47b5d3728c6aea2abb0589b5d30459e369baa772e0f37a0320185e87c980"},
    {file = "MarkupSafe-2.1.1-cp37-cp37m-musllinux_1_1_aarch64.whl", hash = "sha256:d5ee4f386140395a2c818d149221149c54849dfcfcb9f1debfe07a8b8bd63f9a"},
    {file = "MarkupSafe-2.1.1-cp37-cp37m-musllinux_1_1_i686.whl", hash = "sha256:bcb3ed405ed3222f9904899563d6fc492ff75cce56cba05e32eff40e6acbeaa3"},
    {file = "MarkupSafe-2.1.1-cp37-cp37m-musllinux_1_1_x86_64.whl", hash = "sha256:e1c0b87e09fa55a220f058d1d49d3fb8df88fbfab58558f1198e08c1e1de842a"},
    {file = "MarkupSafe-2.1.1-cp37-cp37m-win32.whl", hash = "sha256:8dc1c72a69aa7e082593c4a203dcf94ddb74bb5c8a731e4e1eb68d031e8498ff"},
    {file = "MarkupSafe-2.1.1-cp37-cp37m-win_amd64.whl", hash = "sha256:97a68e6ada378df82bc9f16b800ab77cbf4b2fada0081794318520138c088e4a"},
    {file = "MarkupSafe-2.1.1-cp38-cp38-macosx_10_9_universal2.whl", hash = "sha256:e8c843bbcda3a2f1e3c2ab25913c80a3c5376cd00c6e8c4a86a89a28c8dc5452"},
    {file = "MarkupSafe-2.1.1-cp38-cp38-macosx_10_9_x86_64.whl", hash = "sha256:0212a68688482dc52b2d45013df70d169f542b7394fc744c02a57374a4207003"},
    {file = "MarkupSafe-2.1.1-cp38-cp38-manylinux_2_17_aarch64.manylinux2014_aarch64.whl", hash = "sha256:8e576a51ad59e4bfaac456023a78f6b5e6e7651dcd383bcc3e18d06f9b55d6d1"},
    {file = "MarkupSafe-2.1.1-cp38-cp38-manylinux_2_17_x86_64.manylinux2014_x86_64.whl", hash = "sha256:4b9fe39a2ccc108a4accc2676e77da025ce383c108593d65cc909add5c3bd601"},
    {file = "MarkupSafe-2.1.1-cp38-cp38-manylinux_2_5_i686.manylinux1_i686.manylinux_2_17_i686.manylinux2014_i686.whl", hash = "sha256:96e37a3dc86e80bf81758c152fe66dbf60ed5eca3d26305edf01892257049925"},
    {file = "MarkupSafe-2.1.1-cp38-cp38-musllinux_1_1_aarch64.whl", hash = "sha256:6d0072fea50feec76a4c418096652f2c3238eaa014b2f94aeb1d56a66b41403f"},
    {file = "MarkupSafe-2.1.1-cp38-cp38-musllinux_1_1_i686.whl", hash = "sha256:089cf3dbf0cd6c100f02945abeb18484bd1ee57a079aefd52cffd17fba910b88"},
    {file = "MarkupSafe-2.1.1-cp38-cp38-musllinux_1_1_x86_64.whl", hash = "sha256:6a074d34ee7a5ce3effbc526b7083ec9731bb3cbf921bbe1d3005d4d2bdb3a63"},
    {file = "MarkupSafe-2.1.1-cp38-cp38-win32.whl", hash = "sha256:421be9fbf0ffe9ffd7a378aafebbf6f4602d564d34be190fc19a193232fd12b1"},
    {file = "MarkupSafe-2.1.1-cp38-cp38-win_amd64.whl", hash = "sha256:fc7b548b17d238737688817ab67deebb30e8073c95749d55538ed473130ec0c7"},
    {file = "MarkupSafe-2.1.1-cp39-cp39-macosx_10_9_universal2.whl", hash = "sha256:e04e26803c9c3851c931eac40c695602c6295b8d432cbe78609649ad9bd2da8a"},
    {file = "MarkupSafe-2.1.1-cp39-cp39-macosx_10_9_x86_64.whl", hash = "sha256:b87db4360013327109564f0e591bd2a3b318547bcef31b468a92ee504d07ae4f"},
    {file = "MarkupSafe-2.1.1-cp39-cp39-manylinux_2_17_aarch64.manylinux2014_aarch64.whl", hash = "sha256:99a2a507ed3ac881b975a2976d59f38c19386d128e7a9a18b7df6fff1fd4c1d6"},
    {file = "MarkupSafe-2.1.1-cp39-cp39-manylinux_2_17_x86_64.manylinux2014_x86_64.whl", hash = "sha256:56442863ed2b06d19c37f94d999035e15ee982988920e12a5b4ba29b62ad1f77"},
    {file = "MarkupSafe-2.1.1-cp39-cp39-manylinux_2_5_i686.manylinux1_i686.manylinux_2_17_i686.manylinux2014_i686.whl", hash = "sha256:3ce11ee3f23f79dbd06fb3d63e2f6af7b12db1d46932fe7bd8afa259a5996603"},
    {file = "MarkupSafe-2.1.1-cp39-cp39-musllinux_1_1_aarch64.whl", hash = "sha256:33b74d289bd2f5e527beadcaa3f401e0df0a89927c1559c8566c066fa4248ab7"},
    {file = "MarkupSafe-2.1.1-cp39-cp39-musllinux_1_1_i686.whl", hash = "sha256:43093fb83d8343aac0b1baa75516da6092f58f41200907ef92448ecab8825135"},
    {file = "MarkupSafe-2.1.1-cp39-cp39-musllinux_1_1_x86_64.whl", hash = "sha256:8e3dcf21f367459434c18e71b2a9532d96547aef8a871872a5bd69a715c15f96"},
    {file = "MarkupSafe-2.1.1-cp39-cp39-win32.whl", hash = "sha256:d4306c36ca495956b6d568d276ac11fdd9c30a36f1b6eb928070dc5360b22e1c"},
    {file = "MarkupSafe-2.1.1-cp39-cp39-win_amd64.whl", hash = "sha256:46d00d6cfecdde84d40e572d63735ef81423ad31184100411e6e3388d405e247"},
    {file = "MarkupSafe-2.1.1.tar.gz", hash = "sha256:7f91197cc9e48f989d12e4e6fbc46495c446636dfc81b9ccf50bb0ec74b91d4b"},
]
msgpack = [
    {file = "msgpack-1.0.4-cp310-cp310-macosx_10_9_universal2.whl", hash = "sha256:4ab251d229d10498e9a2f3b1e68ef64cb393394ec477e3370c457f9430ce9250"},
    {file = "msgpack-1.0.4-cp310-cp310-macosx_10_9_x86_64.whl", hash = "sha256:112b0f93202d7c0fef0b7810d465fde23c746a2d482e1e2de2aafd2ce1492c88"},
    {file = "msgpack-1.0.4-cp310-cp310-macosx_11_0_arm64.whl", hash = "sha256:002b5c72b6cd9b4bafd790f364b8480e859b4712e91f43014fe01e4f957b8467"},
    {file = "msgpack-1.0.4-cp310-cp310-manylinux_2_17_aarch64.manylinux2014_aarch64.whl", hash = "sha256:35bc0faa494b0f1d851fd29129b2575b2e26d41d177caacd4206d81502d4c6a6"},
    {file = "msgpack-1.0.4-cp310-cp310-manylinux_2_17_x86_64.manylinux2014_x86_64.whl", hash = "sha256:4733359808c56d5d7756628736061c432ded018e7a1dff2d35a02439043321aa"},
    {file = "msgpack-1.0.4-cp310-cp310-manylinux_2_5_i686.manylinux1_i686.manylinux_2_17_i686.manylinux2014_i686.whl", hash = "sha256:eb514ad14edf07a1dbe63761fd30f89ae79b42625731e1ccf5e1f1092950eaa6"},
    {file = "msgpack-1.0.4-cp310-cp310-musllinux_1_1_aarch64.whl", hash = "sha256:c23080fdeec4716aede32b4e0ef7e213c7b1093eede9ee010949f2a418ced6ba"},
    {file = "msgpack-1.0.4-cp310-cp310-musllinux_1_1_i686.whl", hash = "sha256:49565b0e3d7896d9ea71d9095df15b7f75a035c49be733051c34762ca95bbf7e"},
    {file = "msgpack-1.0.4-cp310-cp310-musllinux_1_1_x86_64.whl", hash = "sha256:aca0f1644d6b5a73eb3e74d4d64d5d8c6c3d577e753a04c9e9c87d07692c58db"},
    {file = "msgpack-1.0.4-cp310-cp310-win32.whl", hash = "sha256:0dfe3947db5fb9ce52aaea6ca28112a170db9eae75adf9339a1aec434dc954ef"},
    {file = "msgpack-1.0.4-cp310-cp310-win_amd64.whl", hash = "sha256:4dea20515f660aa6b7e964433b1808d098dcfcabbebeaaad240d11f909298075"},
    {file = "msgpack-1.0.4-cp36-cp36m-macosx_10_9_x86_64.whl", hash = "sha256:e83f80a7fec1a62cf4e6c9a660e39c7f878f603737a0cdac8c13131d11d97f52"},
    {file = "msgpack-1.0.4-cp36-cp36m-manylinux_2_17_aarch64.manylinux2014_aarch64.whl", hash = "sha256:3c11a48cf5e59026ad7cb0dc29e29a01b5a66a3e333dc11c04f7e991fc5510a9"},
    {file = "msgpack-1.0.4-cp36-cp36m-manylinux_2_17_x86_64.manylinux2014_x86_64.whl", hash = "sha256:1276e8f34e139aeff1c77a3cefb295598b504ac5314d32c8c3d54d24fadb94c9"},
    {file = "msgpack-1.0.4-cp36-cp36m-manylinux_2_5_i686.manylinux1_i686.manylinux_2_17_i686.manylinux2014_i686.whl", hash = "sha256:6c9566f2c39ccced0a38d37c26cc3570983b97833c365a6044edef3574a00c08"},
    {file = "msgpack-1.0.4-cp36-cp36m-musllinux_1_1_aarch64.whl", hash = "sha256:fcb8a47f43acc113e24e910399376f7277cf8508b27e5b88499f053de6b115a8"},
    {file = "msgpack-1.0.4-cp36-cp36m-musllinux_1_1_i686.whl", hash = "sha256:76ee788122de3a68a02ed6f3a16bbcd97bc7c2e39bd4d94be2f1821e7c4a64e6"},
    {file = "msgpack-1.0.4-cp36-cp36m-musllinux_1_1_x86_64.whl", hash = "sha256:0a68d3ac0104e2d3510de90a1091720157c319ceeb90d74f7b5295a6bee51bae"},
    {file = "msgpack-1.0.4-cp36-cp36m-win32.whl", hash = "sha256:85f279d88d8e833ec015650fd15ae5eddce0791e1e8a59165318f371158efec6"},
    {file = "msgpack-1.0.4-cp36-cp36m-win_amd64.whl", hash = "sha256:c1683841cd4fa45ac427c18854c3ec3cd9b681694caf5bff04edb9387602d661"},
    {file = "msgpack-1.0.4-cp37-cp37m-macosx_10_9_x86_64.whl", hash = "sha256:a75dfb03f8b06f4ab093dafe3ddcc2d633259e6c3f74bb1b01996f5d8aa5868c"},
    {file = "msgpack-1.0.4-cp37-cp37m-manylinux_2_17_aarch64.manylinux2014_aarch64.whl", hash = "sha256:9667bdfdf523c40d2511f0e98a6c9d3603be6b371ae9a238b7ef2dc4e7a427b0"},
    {file = "msgpack-1.0.4-cp37-cp37m-manylinux_2_17_x86_64.manylinux2014_x86_64.whl", hash = "sha256:11184bc7e56fd74c00ead4f9cc9a3091d62ecb96e97653add7a879a14b003227"},
    {file = "msgpack-1.0.4-cp37-cp37m-manylinux_2_5_i686.manylinux1_i686.manylinux_2_17_i686.manylinux2014_i686.whl", hash = "sha256:ac5bd7901487c4a1dd51a8c58f2632b15d838d07ceedaa5e4c080f7190925bff"},
    {file = "msgpack-1.0.4-cp37-cp37m-musllinux_1_1_aarch64.whl", hash = "sha256:1e91d641d2bfe91ba4c52039adc5bccf27c335356055825c7f88742c8bb900dd"},
    {file = "msgpack-1.0.4-cp37-cp37m-musllinux_1_1_i686.whl", hash = "sha256:2a2df1b55a78eb5f5b7d2a4bb221cd8363913830145fad05374a80bf0877cb1e"},
    {file = "msgpack-1.0.4-cp37-cp37m-musllinux_1_1_x86_64.whl", hash = "sha256:545e3cf0cf74f3e48b470f68ed19551ae6f9722814ea969305794645da091236"},
    {file = "msgpack-1.0.4-cp37-cp37m-win32.whl", hash = "sha256:2cc5ca2712ac0003bcb625c96368fd08a0f86bbc1a5578802512d87bc592fe44"},
    {file = "msgpack-1.0.4-cp37-cp37m-win_amd64.whl", hash = "sha256:eba96145051ccec0ec86611fe9cf693ce55f2a3ce89c06ed307de0e085730ec1"},
    {file = "msgpack-1.0.4-cp38-cp38-macosx_10_9_universal2.whl", hash = "sha256:7760f85956c415578c17edb39eed99f9181a48375b0d4a94076d84148cf67b2d"},
    {file = "msgpack-1.0.4-cp38-cp38-macosx_10_9_x86_64.whl", hash = "sha256:449e57cc1ff18d3b444eb554e44613cffcccb32805d16726a5494038c3b93dab"},
    {file = "msgpack-1.0.4-cp38-cp38-macosx_11_0_arm64.whl", hash = "sha256:d603de2b8d2ea3f3bcb2efe286849aa7a81531abc52d8454da12f46235092bcb"},
    {file = "msgpack-1.0.4-cp38-cp38-manylinux_2_17_aarch64.manylinux2014_aarch64.whl", hash = "sha256:48f5d88c99f64c456413d74a975bd605a9b0526293218a3b77220a2c15458ba9"},
    {file = "msgpack-1.0.4-cp38-cp38-manylinux_2_17_x86_64.manylinux2014_x86_64.whl", hash = "sha256:6916c78f33602ecf0509cc40379271ba0f9ab572b066bd4bdafd7434dee4bc6e"},
    {file = "msgpack-1.0.4-cp38-cp38-manylinux_2_5_i686.manylinux1_i686.manylinux_2_17_i686.manylinux2014_i686.whl", hash = "sha256:81fc7ba725464651190b196f3cd848e8553d4d510114a954681fd0b9c479d7e1"},
    {file = "msgpack-1.0.4-cp38-cp38-musllinux_1_1_aarch64.whl", hash = "sha256:d5b5b962221fa2c5d3a7f8133f9abffc114fe218eb4365e40f17732ade576c8e"},
    {file = "msgpack-1.0.4-cp38-cp38-musllinux_1_1_i686.whl", hash = "sha256:77ccd2af37f3db0ea59fb280fa2165bf1b096510ba9fe0cc2bf8fa92a22fdb43"},
    {file = "msgpack-1.0.4-cp38-cp38-musllinux_1_1_x86_64.whl", hash = "sha256:b17be2478b622939e39b816e0aa8242611cc8d3583d1cd8ec31b249f04623243"},
    {file = "msgpack-1.0.4-cp38-cp38-win32.whl", hash = "sha256:2bb8cdf50dd623392fa75525cce44a65a12a00c98e1e37bf0fb08ddce2ff60d2"},
    {file = "msgpack-1.0.4-cp38-cp38-win_amd64.whl", hash = "sha256:26b8feaca40a90cbe031b03d82b2898bf560027160d3eae1423f4a67654ec5d6"},
    {file = "msgpack-1.0.4-cp39-cp39-macosx_10_9_universal2.whl", hash = "sha256:462497af5fd4e0edbb1559c352ad84f6c577ffbbb708566a0abaaa84acd9f3ae"},
    {file = "msgpack-1.0.4-cp39-cp39-macosx_10_9_x86_64.whl", hash = "sha256:2999623886c5c02deefe156e8f869c3b0aaeba14bfc50aa2486a0415178fce55"},
    {file = "msgpack-1.0.4-cp39-cp39-macosx_11_0_arm64.whl", hash = "sha256:f0029245c51fd9473dc1aede1160b0a29f4a912e6b1dd353fa6d317085b219da"},
    {file = "msgpack-1.0.4-cp39-cp39-manylinux_2_17_aarch64.manylinux2014_aarch64.whl", hash = "sha256:ed6f7b854a823ea44cf94919ba3f727e230da29feb4a99711433f25800cf747f"},
    {file = "msgpack-1.0.4-cp39-cp39-manylinux_2_17_x86_64.manylinux2014_x86_64.whl", hash = "sha256:0df96d6eaf45ceca04b3f3b4b111b86b33785683d682c655063ef8057d61fd92"},
    {file = "msgpack-1.0.4-cp39-cp39-manylinux_2_5_i686.manylinux1_i686.manylinux_2_17_i686.manylinux2014_i686.whl", hash = "sha256:6a4192b1ab40f8dca3f2877b70e63799d95c62c068c84dc028b40a6cb03ccd0f"},
    {file = "msgpack-1.0.4-cp39-cp39-musllinux_1_1_aarch64.whl", hash = "sha256:0e3590f9fb9f7fbc36df366267870e77269c03172d086fa76bb4eba8b2b46624"},
    {file = "msgpack-1.0.4-cp39-cp39-musllinux_1_1_i686.whl", hash = "sha256:1576bd97527a93c44fa856770197dec00d223b0b9f36ef03f65bac60197cedf8"},
    {file = "msgpack-1.0.4-cp39-cp39-musllinux_1_1_x86_64.whl", hash = "sha256:63e29d6e8c9ca22b21846234913c3466b7e4ee6e422f205a2988083de3b08cae"},
    {file = "msgpack-1.0.4-cp39-cp39-win32.whl", hash = "sha256:fb62ea4b62bfcb0b380d5680f9a4b3f9a2d166d9394e9bbd9666c0ee09a3645c"},
    {file = "msgpack-1.0.4-cp39-cp39-win_amd64.whl", hash = "sha256:4d5834a2a48965a349da1c5a79760d94a1a0172fbb5ab6b5b33cbf8447e109ce"},
    {file = "msgpack-1.0.4.tar.gz", hash = "sha256:f5d869c18f030202eb412f08b28d2afeea553d6613aee89e200d7aca7ef01f5f"},
]
path-and-address = [
    {file = "path-and-address-2.0.1.zip", hash = "sha256:e96363d982b3a2de8531f4cd5f086b51d0248b58527227d43cf5014d045371b7"},
]
pyasn1 = [
    {file = "pyasn1-0.4.8-py2.py3-none-any.whl", hash = "sha256:39c7e2ec30515947ff4e87fb6f456dfc6e84857d34be479c9d4a4ba4bf46aa5d"},
    {file = "pyasn1-0.4.8.tar.gz", hash = "sha256:aef77c9fb94a3ac588e87841208bdec464471d9871bd5050a287cc9a475cd0ba"},
]
Pygments = [
    {file = "Pygments-2.13.0-py3-none-any.whl", hash = "sha256:f643f331ab57ba3c9d89212ee4a2dabc6e94f117cf4eefde99a0574720d14c42"},
    {file = "Pygments-2.13.0.tar.gz", hash = "sha256:56a8508ae95f98e2b9bdf93a6be5ae3f7d8af858b43e02c5a2ff083726be40c1"},
]
pynvim = [
    {file = "pynvim-0.4.3.tar.gz", hash = "sha256:3a795378bde5e8092fbeb3a1a99be9c613d2685542f1db0e5c6fd467eed56dff"},
]
python-dateutil = [
    {file = "python-dateutil-2.8.2.tar.gz", hash = "sha256:0123cacc1627ae19ddf3c27a5de5bd67ee4586fbdd6440d9748f8abb483d3e86"},
    {file = "python_dateutil-2.8.2-py2.py3-none-any.whl", hash = "sha256:961d03dc3453ebbc59dbdea9e4e11c5651520a876d0f4db161e8674aae935da9"},
]
PyYAML = [
    {file = "PyYAML-5.4.1-cp27-cp27m-macosx_10_9_x86_64.whl", hash = "sha256:3b2b1824fe7112845700f815ff6a489360226a5609b96ec2190a45e62a9fc922"},
    {file = "PyYAML-5.4.1-cp27-cp27m-win32.whl", hash = "sha256:129def1b7c1bf22faffd67b8f3724645203b79d8f4cc81f674654d9902cb4393"},
    {file = "PyYAML-5.4.1-cp27-cp27m-win_amd64.whl", hash = "sha256:4465124ef1b18d9ace298060f4eccc64b0850899ac4ac53294547536533800c8"},
    {file = "PyYAML-5.4.1-cp27-cp27mu-manylinux1_x86_64.whl", hash = "sha256:bb4191dfc9306777bc594117aee052446b3fa88737cd13b7188d0e7aa8162185"},
    {file = "PyYAML-5.4.1-cp36-cp36m-macosx_10_9_x86_64.whl", hash = "sha256:6c78645d400265a062508ae399b60b8c167bf003db364ecb26dcab2bda048253"},
    {file = "PyYAML-5.4.1-cp36-cp36m-manylinux1_x86_64.whl", hash = "sha256:4e0583d24c881e14342eaf4ec5fbc97f934b999a6828693a99157fde912540cc"},
    {file = "PyYAML-5.4.1-cp36-cp36m-manylinux2014_aarch64.whl", hash = "sha256:72a01f726a9c7851ca9bfad6fd09ca4e090a023c00945ea05ba1638c09dc3347"},
    {file = "PyYAML-5.4.1-cp36-cp36m-manylinux2014_s390x.whl", hash = "sha256:895f61ef02e8fed38159bb70f7e100e00f471eae2bc838cd0f4ebb21e28f8541"},
    {file = "PyYAML-5.4.1-cp36-cp36m-win32.whl", hash = "sha256:3bd0e463264cf257d1ffd2e40223b197271046d09dadf73a0fe82b9c1fc385a5"},
    {file = "PyYAML-5.4.1-cp36-cp36m-win_amd64.whl", hash = "sha256:e4fac90784481d221a8e4b1162afa7c47ed953be40d31ab4629ae917510051df"},
    {file = "PyYAML-5.4.1-cp37-cp37m-macosx_10_9_x86_64.whl", hash = "sha256:5accb17103e43963b80e6f837831f38d314a0495500067cb25afab2e8d7a4018"},
    {file = "PyYAML-5.4.1-cp37-cp37m-manylinux1_x86_64.whl", hash = "sha256:e1d4970ea66be07ae37a3c2e48b5ec63f7ba6804bdddfdbd3cfd954d25a82e63"},
    {file = "PyYAML-5.4.1-cp37-cp37m-manylinux2014_aarch64.whl", hash = "sha256:cb333c16912324fd5f769fff6bc5de372e9e7a202247b48870bc251ed40239aa"},
    {file = "PyYAML-5.4.1-cp37-cp37m-manylinux2014_s390x.whl", hash = "sha256:fe69978f3f768926cfa37b867e3843918e012cf83f680806599ddce33c2c68b0"},
    {file = "PyYAML-5.4.1-cp37-cp37m-win32.whl", hash = "sha256:dd5de0646207f053eb0d6c74ae45ba98c3395a571a2891858e87df7c9b9bd51b"},
    {file = "PyYAML-5.4.1-cp37-cp37m-win_amd64.whl", hash = "sha256:08682f6b72c722394747bddaf0aa62277e02557c0fd1c42cb853016a38f8dedf"},
    {file = "PyYAML-5.4.1-cp38-cp38-macosx_10_9_x86_64.whl", hash = "sha256:d2d9808ea7b4af864f35ea216be506ecec180628aced0704e34aca0b040ffe46"},
    {file = "PyYAML-5.4.1-cp38-cp38-manylinux1_x86_64.whl", hash = "sha256:8c1be557ee92a20f184922c7b6424e8ab6691788e6d86137c5d93c1a6ec1b8fb"},
    {file = "PyYAML-5.4.1-cp38-cp38-manylinux2014_aarch64.whl", hash = "sha256:fd7f6999a8070df521b6384004ef42833b9bd62cfee11a09bda1079b4b704247"},
    {file = "PyYAML-5.4.1-cp38-cp38-manylinux2014_s390x.whl", hash = "sha256:bfb51918d4ff3d77c1c856a9699f8492c612cde32fd3bcd344af9be34999bfdc"},
    {file = "PyYAML-5.4.1-cp38-cp38-win32.whl", hash = "sha256:fa5ae20527d8e831e8230cbffd9f8fe952815b2b7dae6ffec25318803a7528fc"},
    {file = "PyYAML-5.4.1-cp38-cp38-win_amd64.whl", hash = "sha256:0f5f5786c0e09baddcd8b4b45f20a7b5d61a7e7e99846e3c799b05c7c53fa696"},
    {file = "PyYAML-5.4.1-cp39-cp39-macosx_10_9_x86_64.whl", hash = "sha256:294db365efa064d00b8d1ef65d8ea2c3426ac366c0c4368d930bf1c5fb497f77"},
    {file = "PyYAML-5.4.1-cp39-cp39-manylinux1_x86_64.whl", hash = "sha256:74c1485f7707cf707a7aef42ef6322b8f97921bd89be2ab6317fd782c2d53183"},
    {file = "PyYAML-5.4.1-cp39-cp39-manylinux2014_aarch64.whl", hash = "sha256:d483ad4e639292c90170eb6f7783ad19490e7a8defb3e46f97dfe4bacae89122"},
    {file = "PyYAML-5.4.1-cp39-cp39-manylinux2014_s390x.whl", hash = "sha256:fdc842473cd33f45ff6bce46aea678a54e3d21f1b61a7750ce3c498eedfe25d6"},
    {file = "PyYAML-5.4.1-cp39-cp39-win32.whl", hash = "sha256:49d4cdd9065b9b6e206d0595fee27a96b5dd22618e7520c33204a4a3239d5b10"},
    {file = "PyYAML-5.4.1-cp39-cp39-win_amd64.whl", hash = "sha256:c20cfa2d49991c8b4147af39859b167664f2ad4561704ee74c1de03318e898db"},
    {file = "PyYAML-5.4.1.tar.gz", hash = "sha256:607774cbba28732bfa802b54baa7484215f530991055bb562efbed5b2f20a45e"},
]
requests = [
    {file = "requests-2.28.1-py3-none-any.whl", hash = "sha256:8fefa2a1a1365bf5520aac41836fbee479da67864514bdb821f31ce07ce65349"},
    {file = "requests-2.28.1.tar.gz", hash = "sha256:7c5599b102feddaa661c826c56ab4fee28bfd17f5abca1ebbe3e7f19d7c97983"},
]
rsa = [
    {file = "rsa-4.7.2-py3-none-any.whl", hash = "sha256:78f9a9bf4e7be0c5ded4583326e7461e3a3c5aae24073648b4bdfa797d78c9d2"},
    {file = "rsa-4.7.2.tar.gz", hash = "sha256:9d689e6ca1b3038bc82bf8d23e944b6b6037bc02301a574935b2dd946e0353b9"},
]
s3transfer = [
    {file = "s3transfer-0.6.0-py3-none-any.whl", hash = "sha256:06176b74f3a15f61f1b4f25a1fc29a4429040b7647133a463da8fa5bd28d5ecd"},
    {file = "s3transfer-0.6.0.tar.gz", hash = "sha256:2ed07d3866f523cc561bf4a00fc5535827981b117dd7876f036b0c1aca42c947"},
]
six = [
    {file = "six-1.16.0-py2.py3-none-any.whl", hash = "sha256:8abb2f1d86890a2dfb989f9a77cfcfd3e47c2a354b01111771326f8aa26e0254"},
    {file = "six-1.16.0.tar.gz", hash = "sha256:1e61c37477a1626458e36f7b1d82aa5c9b094fa4802892072e49de9c60c4c926"},
]
urllib3 = [
    {file = "urllib3-1.26.12-py2.py3-none-any.whl", hash = "sha256:b930dd878d5a8afb066a637fbb35144fe7901e3b209d1cd4f524bd0e9deee997"},
    {file = "urllib3-1.26.12.tar.gz", hash = "sha256:3fa96cf423e6987997fc326ae8df396db2a8b7c667747d47ddd8ecba91f4a74e"},
]
Werkzeug = [
    {file = "Werkzeug-2.2.2-py3-none-any.whl", hash = "sha256:f979ab81f58d7318e064e99c4506445d60135ac5cd2e177a2de0089bfd4c9bd5"},
    {file = "Werkzeug-2.2.2.tar.gz", hash = "sha256:7ea2d48322cc7c0f8b3a215ed73eabd7b5d75d0b50e31ab006286ccff9e00b8f"},
]
